
Microsoft Visual Studio Solution File, Format Version 12.00
# Visual Studio Version 17
VisualStudioVersion = 17.13.35825.156
MinimumVisualStudioVersion = 10.0.40219.1
Project("{8BC9CEB8-8B4A-11D0-8D11-00A0C91BC942}") = "StringReversal", "Lesson 5\Lesson 5.vcxproj", "{B829E0B4-415D-4A4B-A62F-BC6C7AA0BE17}"
EndProject
Project("{8BC9CEB8-8B4A-11D0-8D11-00A0C91BC942}") = "Testing", "Testing\Testing.vcxproj", "{F0C4BD11-A4B7-4F23-93BC-6798C795519D}"
EndProject
Project("{8BC9CEB8-8B4A-11D0-8D11-00A0C91BC942}") = "BubbleSort", "BubbleSort\BubbleSort.vcxproj", "{B16E116A-37CE-4CC6-985F-DFB085D869CE}"
EndProject
Project("{8BC9CEB8-8B4A-11D0-8D11-00A0C91BC942}") = "GitHub", "GitHub\GitHub.vcxproj", "{505D27B1-6BF5-41FE-BC67-AE3C21C6B91D}"
EndProject
Global
	GlobalSection(SolutionConfigurationPlatforms) = preSolution
		Debug|x64 = Debug|x64
		Debug|x86 = Debug|x86
		Release|x64 = Release|x64
		Release|x86 = Release|x86
	EndGlobalSection
	GlobalSection(ProjectConfigurationPlatforms) = postSolution
		{B829E0B4-415D-4A4B-A62F-BC6C7AA0BE17}.Debug|x64.ActiveCfg = Debug|x64
		{B829E0B4-415D-4A4B-A62F-BC6C7AA0BE17}.Debug|x64.Build.0 = Debug|x64
		{B829E0B4-415D-4A4B-A62F-BC6C7AA0BE17}.Debug|x86.ActiveCfg = Debug|Win32
		{B829E0B4-415D-4A4B-A62F-BC6C7AA0BE17}.Debug|x86.Build.0 = Debug|Win32
		{B829E0B4-415D-4A4B-A62F-BC6C7AA0BE17}.Release|x64.ActiveCfg = Release|x64
		{B829E0B4-415D-4A4B-A62F-BC6C7AA0BE17}.Release|x64.Build.0 = Release|x64
		{B829E0B4-415D-4A4B-A62F-BC6C7AA0BE17}.Release|x86.ActiveCfg = Release|Win32
		{B829E0B4-415D-4A4B-A62F-BC6C7AA0BE17}.Release|x86.Build.0 = Release|Win32
		{F0C4BD11-A4B7-4F23-93BC-6798C795519D}.Debug|x64.ActiveCfg = Debug|x64
		{F0C4BD11-A4B7-4F23-93BC-6798C795519D}.Debug|x64.Build.0 = Debug|x64
		{F0C4BD11-A4B7-4F23-93BC-6798C795519D}.Debug|x86.ActiveCfg = Debug|Win32
		{F0C4BD11-A4B7-4F23-93BC-6798C795519D}.Debug|x86.Build.0 = Debug|Win32
		{F0C4BD11-A4B7-4F23-93BC-6798C795519D}.Release|x64.ActiveCfg = Release|x64
		{F0C4BD11-A4B7-4F23-93BC-6798C795519D}.Release|x64.Build.0 = Release|x64
		{F0C4BD11-A4B7-4F23-93BC-6798C795519D}.Release|x86.ActiveCfg = Release|Win32
		{F0C4BD11-A4B7-4F23-93BC-6798C795519D}.Release|x86.Build.0 = Release|Win32
		{B16E116A-37CE-4CC6-985F-DFB085D869CE}.Debug|x64.ActiveCfg = Debug|x64
		{B16E116A-37CE-4CC6-985F-DFB085D869CE}.Debug|x64.Build.0 = Debug|x64
		{B16E116A-37CE-4CC6-985F-DFB085D869CE}.Debug|x86.ActiveCfg = Debug|Win32
		{B16E116A-37CE-4CC6-985F-DFB085D869CE}.Debug|x86.Build.0 = Debug|Win32
		{B16E116A-37CE-4CC6-985F-DFB085D869CE}.Release|x64.ActiveCfg = Release|x64
		{B16E116A-37CE-4CC6-985F-DFB085D869CE}.Release|x64.Build.0 = Release|x64
		{B16E116A-37CE-4CC6-985F-DFB085D869CE}.Release|x86.ActiveCfg = Release|Win32
		{B16E116A-37CE-4CC6-985F-DFB085D869CE}.Release|x86.Build.0 = Release|Win32
		{505D27B1-6BF5-41FE-BC67-AE3C21C6B91D}.Debug|x64.ActiveCfg = Debug|x64
		{505D27B1-6BF5-41FE-BC67-AE3C21C6B91D}.Debug|x64.Build.0 = Debug|x64
		{505D27B1-6BF5-41FE-BC67-AE3C21C6B91D}.Debug|x86.ActiveCfg = Debug|Win32
		{505D27B1-6BF5-41FE-BC67-AE3C21C6B91D}.Debug|x86.Build.0 = Debug|Win32
		{505D27B1-6BF5-41FE-BC67-AE3C21C6B91D}.Release|x64.ActiveCfg = Release|x64
		{505D27B1-6BF5-41FE-BC67-AE3C21C6B91D}.Release|x64.Build.0 = Release|x64
		{505D27B1-6BF5-41FE-BC67-AE3C21C6B91D}.Release|x86.ActiveCfg = Release|Win32
		{505D27B1-6BF5-41FE-BC67-AE3C21C6B91D}.Release|x86.Build.0 = Release|Win32
	EndGlobalSection
	GlobalSection(SolutionProperties) = preSolution
		HideSolutionNode = FALSE
	EndGlobalSection
	GlobalSection(ExtensibilityGlobals) = postSolution
		SolutionGuid = {B77AA888-263A-4662-A433-18698376C34A}
	EndGlobalSection
EndGlobal
